
Microsoft Visual Studio Solution File, Format Version 12.00
Project("{FAE04EC0-301F-11D3-BF4B-00C04F79EFBC}") = "EmployeeMotivationSystem.API", "EmployeeMotivationSystem.API\EmployeeMotivationSystem.API.csproj", "{580B210F-5668-4F3A-A66D-44A747F097E0}"
EndProject
Project("{FAE04EC0-301F-11D3-BF4B-00C04F79EFBC}") = "EmployeeMotivationSystem.BLL", "EmployeeMotivationSystem.BLL\EmployeeMotivationSystem.BLL.csproj", "{7BFAEF4C-06E4-4018-A48C-2574EA161A89}"
EndProject
Project("{FAE04EC0-301F-11D3-BF4B-00C04F79EFBC}") = "EmployeeMotivationSystem.DAL", "EmployeeMotivationSystem.DAL\EmployeeMotivationSystem.DAL.csproj", "{C5AC3D87-D5D6-4BD9-8CB2-6FA55B2CE75D}"
EndProject
Global
	GlobalSection(SolutionConfigurationPlatforms) = preSolution
		Debug|Any CPU = Debug|Any CPU
		Release|Any CPU = Release|Any CPU
	EndGlobalSection
	GlobalSection(ProjectConfigurationPlatforms) = postSolution
		{580B210F-5668-4F3A-A66D-44A747F097E0}.Debug|Any CPU.ActiveCfg = Debug|Any CPU
		{580B210F-5668-4F3A-A66D-44A747F097E0}.Debug|Any CPU.Build.0 = Debug|Any CPU
		{580B210F-5668-4F3A-A66D-44A747F097E0}.Release|Any CPU.ActiveCfg = Release|Any CPU
		{580B210F-5668-4F3A-A66D-44A747F097E0}.Release|Any CPU.Build.0 = Release|Any CPU
		{7BFAEF4C-06E4-4018-A48C-2574EA161A89}.Debug|Any CPU.ActiveCfg = Debug|Any CPU
		{7BFAEF4C-06E4-4018-A48C-2574EA161A89}.Debug|Any CPU.Build.0 = Debug|Any CPU
		{7BFAEF4C-06E4-4018-A48C-2574EA161A89}.Release|Any CPU.ActiveCfg = Release|Any CPU
		{7BFAEF4C-06E4-4018-A48C-2574EA161A89}.Release|Any CPU.Build.0 = Release|Any CPU
		{C5AC3D87-D5D6-4BD9-8CB2-6FA55B2CE75D}.Debug|Any CPU.ActiveCfg = Debug|Any CPU
		{C5AC3D87-D5D6-4BD9-8CB2-6FA55B2CE75D}.Debug|Any CPU.Build.0 = Debug|Any CPU
		{C5AC3D87-D5D6-4BD9-8CB2-6FA55B2CE75D}.Release|Any CPU.ActiveCfg = Release|Any CPU
		{C5AC3D87-D5D6-4BD9-8CB2-6FA55B2CE75D}.Release|Any CPU.Build.0 = Release|Any CPU
	EndGlobalSection
EndGlobal
